
Microsoft Visual Studio Solution File, Format Version 12.00
# Visual Studio Version 17
VisualStudioVersion = 17.8.34330.188
MinimumVisualStudioVersion = 10.0.40219.1
Project("{FAE04EC0-301F-11D3-BF4B-00C04F79EFBC}") = "ScotRail", "ScotRail\ScotRail.csproj", "{57D981A8-1EB6-4A1A-AF65-16E3D31C6F95}"
EndProject
Global
	GlobalSection(SolutionConfigurationPlatforms) = preSolution
		Debug|Any CPU = Debug|Any CPU
		Release|Any CPU = Release|Any CPU
	EndGlobalSection
	GlobalSection(ProjectConfigurationPlatforms) = postSolution
		{57D981A8-1EB6-4A1A-AF65-16E3D31C6F95}.Debug|Any CPU.ActiveCfg = Debug|Any CPU
		{57D981A8-1EB6-4A1A-AF65-16E3D31C6F95}.Debug|Any CPU.Build.0 = Debug|Any CPU
		{57D981A8-1EB6-4A1A-AF65-16E3D31C6F95}.Release|Any CPU.ActiveCfg = Release|Any CPU
		{57D981A8-1EB6-4A1A-AF65-16E3D31C6F95}.Release|Any CPU.Build.0 = Release|Any CPU
	EndGlobalSection
	GlobalSection(SolutionProperties) = preSolution
		HideSolutionNode = FALSE
	EndGlobalSection
	GlobalSection(ExtensibilityGlobals) = postSolution
		SolutionGuid = {DC599AEA-1627-49AF-BF68-69246C830E9D}
	EndGlobalSection
EndGlobal
